
Microsoft Visual Studio Solution File, Format Version 12.00
# Visual Studio Version 17
VisualStudioVersion = 17.1.32127.271
MinimumVisualStudioVersion = 10.0.40219.1
Project("{9A19103F-16F7-4668-BE54-9A1E7A4F7556}") = "Tinyhand", "Tinyhand\Tinyhand.csproj", "{4BD3488B-DDD7-4379-98F8-B14E5AE7B89D}"
EndProject
Project("{2150E333-8FDC-42A3-9474-1A3956D46DE8}") = "Solution Items", "Solution Items", "{7E9AAB77-FEB4-47A0-8090-9FFA2C47FD35}"
	ProjectSection(SolutionItems) = preProject
		.editorconfig = .editorconfig
	EndProjectSection
EndProject
Project("{9A19103F-16F7-4668-BE54-9A1E7A4F7556}") = "TestPlugin", "TestPlugin\TestPlugin.csproj", "{5C67F244-467F-481E-9089-0716F1A2AF87}"
EndProject
Project("{9A19103F-16F7-4668-BE54-9A1E7A4F7556}") = "TinyhandProcessor", "TinyhandProcessor\TinyhandProcessor.csproj", "{4F107F17-F895-4E1D-9609-BE7E6DD2ECE3}"
EndProject
Project("{9A19103F-16F7-4668-BE54-9A1E7A4F7556}") = "TinyhandTest", "TinyhandTest\TinyhandTest.csproj", "{71F7E2C5-5FF2-4F35-BF1B-447D39BBAC09}"
EndProject
Project("{9A19103F-16F7-4668-BE54-9A1E7A4F7556}") = "TinyhandGenerator", "TinyhandGenerator\TinyhandGenerator.csproj", "{A85EF05D-D79D-41E6-A5DE-700059DEA99A}"
EndProject
Project("{9A19103F-16F7-4668-BE54-9A1E7A4F7556}") = "ConsoleApp1", "ConsoleApp1\ConsoleApp1.csproj", "{08B53DF3-E32C-4193-9AF6-EBA0A136F1DE}"
EndProject
Project("{9A19103F-16F7-4668-BE54-9A1E7A4F7556}") = "XUnitTest", "XUnitTest\XUnitTest.csproj", "{7940218D-079C-438F-99E4-333A5F790A2A}"
EndProject
Project("{9A19103F-16F7-4668-BE54-9A1E7A4F7556}") = "Benchmark", "Benchmark\Benchmark.csproj", "{92D0FD52-1AF9-43DA-94F9-E2BC6307E591}"
EndProject
Project("{9A19103F-16F7-4668-BE54-9A1E7A4F7556}") = "Sandbox", "Sandbox\Sandbox.csproj", "{8177403C-6F73-4AC3-8EA6-FACFF91C2A2E}"
EndProject
Project("{FAE04EC0-301F-11D3-BF4B-00C04F79EFBC}") = "SandboxBase", "SandboxBase\SandboxBase.csproj", "{451C57AF-1C9C-4BEB-9109-B717E3654B7E}"
EndProject
Global
	GlobalSection(SolutionConfigurationPlatforms) = preSolution
		Debug|Any CPU = Debug|Any CPU
		Release|Any CPU = Release|Any CPU
	EndGlobalSection
	GlobalSection(ProjectConfigurationPlatforms) = postSolution
		{4BD3488B-DDD7-4379-98F8-B14E5AE7B89D}.Debug|Any CPU.ActiveCfg = Debug|Any CPU
		{4BD3488B-DDD7-4379-98F8-B14E5AE7B89D}.Debug|Any CPU.Build.0 = Debug|Any CPU
		{4BD3488B-DDD7-4379-98F8-B14E5AE7B89D}.Release|Any CPU.ActiveCfg = Release|Any CPU
		{4BD3488B-DDD7-4379-98F8-B14E5AE7B89D}.Release|Any CPU.Build.0 = Release|Any CPU
		{5C67F244-467F-481E-9089-0716F1A2AF87}.Debug|Any CPU.ActiveCfg = Debug|Any CPU
		{5C67F244-467F-481E-9089-0716F1A2AF87}.Debug|Any CPU.Build.0 = Debug|Any CPU
		{5C67F244-467F-481E-9089-0716F1A2AF87}.Release|Any CPU.ActiveCfg = Release|Any CPU
		{5C67F244-467F-481E-9089-0716F1A2AF87}.Release|Any CPU.Build.0 = Release|Any CPU
		{4F107F17-F895-4E1D-9609-BE7E6DD2ECE3}.Debug|Any CPU.ActiveCfg = Debug|Any CPU
		{4F107F17-F895-4E1D-9609-BE7E6DD2ECE3}.Debug|Any CPU.Build.0 = Debug|Any CPU
		{4F107F17-F895-4E1D-9609-BE7E6DD2ECE3}.Release|Any CPU.ActiveCfg = Release|Any CPU
		{4F107F17-F895-4E1D-9609-BE7E6DD2ECE3}.Release|Any CPU.Build.0 = Release|Any CPU
		{71F7E2C5-5FF2-4F35-BF1B-447D39BBAC09}.Debug|Any CPU.ActiveCfg = Debug|Any CPU
		{71F7E2C5-5FF2-4F35-BF1B-447D39BBAC09}.Debug|Any CPU.Build.0 = Debug|Any CPU
		{71F7E2C5-5FF2-4F35-BF1B-447D39BBAC09}.Release|Any CPU.ActiveCfg = Release|Any CPU
		{71F7E2C5-5FF2-4F35-BF1B-447D39BBAC09}.Release|Any CPU.Build.0 = Release|Any CPU
		{A85EF05D-D79D-41E6-A5DE-700059DEA99A}.Debug|Any CPU.ActiveCfg = Debug|Any CPU
		{A85EF05D-D79D-41E6-A5DE-700059DEA99A}.Debug|Any CPU.Build.0 = Debug|Any CPU
		{A85EF05D-D79D-41E6-A5DE-700059DEA99A}.Release|Any CPU.ActiveCfg = Release|Any CPU
		{A85EF05D-D79D-41E6-A5DE-700059DEA99A}.Release|Any CPU.Build.0 = Release|Any CPU
		{08B53DF3-E32C-4193-9AF6-EBA0A136F1DE}.Debug|Any CPU.ActiveCfg = Debug|Any CPU
		{08B53DF3-E32C-4193-9AF6-EBA0A136F1DE}.Debug|Any CPU.Build.0 = Debug|Any CPU
		{08B53DF3-E32C-4193-9AF6-EBA0A136F1DE}.Release|Any CPU.ActiveCfg = Release|Any CPU
		{08B53DF3-E32C-4193-9AF6-EBA0A136F1DE}.Release|Any CPU.Build.0 = Release|Any CPU
		{7940218D-079C-438F-99E4-333A5F790A2A}.Debug|Any CPU.ActiveCfg = Debug|Any CPU
		{7940218D-079C-438F-99E4-333A5F790A2A}.Debug|Any CPU.Build.0 = Debug|Any CPU
		{7940218D-079C-438F-99E4-333A5F790A2A}.Release|Any CPU.ActiveCfg = Release|Any CPU
		{7940218D-079C-438F-99E4-333A5F790A2A}.Release|Any CPU.Build.0 = Release|Any CPU
		{92D0FD52-1AF9-43DA-94F9-E2BC6307E591}.Debug|Any CPU.ActiveCfg = Debug|Any CPU
		{92D0FD52-1AF9-43DA-94F9-E2BC6307E591}.Debug|Any CPU.Build.0 = Debug|Any CPU
		{92D0FD52-1AF9-43DA-94F9-E2BC6307E591}.Release|Any CPU.ActiveCfg = Release|Any CPU
		{92D0FD52-1AF9-43DA-94F9-E2BC6307E591}.Release|Any CPU.Build.0 = Release|Any CPU
		{8177403C-6F73-4AC3-8EA6-FACFF91C2A2E}.Debug|Any CPU.ActiveCfg = Debug|Any CPU
		{8177403C-6F73-4AC3-8EA6-FACFF91C2A2E}.Debug|Any CPU.Build.0 = Debug|Any CPU
		{8177403C-6F73-4AC3-8EA6-FACFF91C2A2E}.Release|Any CPU.ActiveCfg = Release|Any CPU
		{8177403C-6F73-4AC3-8EA6-FACFF91C2A2E}.Release|Any CPU.Build.0 = Release|Any CPU
		{451C57AF-1C9C-4BEB-9109-B717E3654B7E}.Debug|Any CPU.ActiveCfg = Debug|Any CPU
		{451C57AF-1C9C-4BEB-9109-B717E3654B7E}.Debug|Any CPU.Build.0 = Debug|Any CPU
		{451C57AF-1C9C-4BEB-9109-B717E3654B7E}.Release|Any CPU.ActiveCfg = Release|Any CPU
		{451C57AF-1C9C-4BEB-9109-B717E3654B7E}.Release|Any CPU.Build.0 = Release|Any CPU
	EndGlobalSection
	GlobalSection(SolutionProperties) = preSolution
		HideSolutionNode = FALSE
	EndGlobalSection
	GlobalSection(ExtensibilityGlobals) = postSolution
		SolutionGuid = {B9CA67C0-1E28-48EB-9247-80FEB8241A99}
	EndGlobalSection
EndGlobal
